{
  "requires": true,
  "lockfileVersion": 1,
  "dependencies": {
    "localhost-lib": {
      "version": "1.0.1",
      "resolved": "https://registry.npmjs.org/localhost-lib/-/localhost-lib-1.0.1.tgz",
      "integrity": "sha512-PTe8jkEhSWXS4KtRCy7MgbU1/qTQuvja3i2uOcvOlu+ribFFhjGC0um7t06PT7yONBUV2R4FYICxFov09ppF5g=="
    }
  }
}
